
Microsoft Visual Studio Solution File, Format Version 12.00
# Visual Studio 2012
Project("{FAE04EC0-301F-11D3-BF4B-00C04F79EFBC}") = "SOAPServices", "SOAPServices\SOAPServices.csproj", "{4498E9CD-E827-4D13-A3F0-22CACE94329F}"
EndProject
Project("{FAE04EC0-301F-11D3-BF4B-00C04F79EFBC}") = "PedidosWin", "PedidosWin\PedidosWin.csproj", "{0F161AC9-F7E6-485D-91E7-5809982E208E}"
EndProject
Global
	GlobalSection(SolutionConfigurationPlatforms) = preSolution
		Debug|Any CPU = Debug|Any CPU
		Release|Any CPU = Release|Any CPU
	EndGlobalSection
	GlobalSection(ProjectConfigurationPlatforms) = postSolution
		{4498E9CD-E827-4D13-A3F0-22CACE94329F}.Debug|Any CPU.ActiveCfg = Debug|Any CPU
		{4498E9CD-E827-4D13-A3F0-22CACE94329F}.Debug|Any CPU.Build.0 = Debug|Any CPU
		{4498E9CD-E827-4D13-A3F0-22CACE94329F}.Release|Any CPU.ActiveCfg = Release|Any CPU
		{4498E9CD-E827-4D13-A3F0-22CACE94329F}.Release|Any CPU.Build.0 = Release|Any CPU
		{0F161AC9-F7E6-485D-91E7-5809982E208E}.Debug|Any CPU.ActiveCfg = Debug|Any CPU
		{0F161AC9-F7E6-485D-91E7-5809982E208E}.Debug|Any CPU.Build.0 = Debug|Any CPU
		{0F161AC9-F7E6-485D-91E7-5809982E208E}.Release|Any CPU.ActiveCfg = Release|Any CPU
		{0F161AC9-F7E6-485D-91E7-5809982E208E}.Release|Any CPU.Build.0 = Release|Any CPU
	EndGlobalSection
	GlobalSection(SolutionProperties) = preSolution
		HideSolutionNode = FALSE
	EndGlobalSection
EndGlobal
